
Microsoft Visual Studio Solution File, Format Version 12.00
# Visual Studio 2012
Project("{FAE04EC0-301F-11D3-BF4B-00C04F79EFBC}") = "gsm_adriaens", "gsm_adriaens\gsm_adriaens.csproj", "{67EB0B86-1836-4D00-80BD-908E24A446FD}"
EndProject
Global
	GlobalSection(SolutionConfigurationPlatforms) = preSolution
		Debug|Any CPU = Debug|Any CPU
		Release|Any CPU = Release|Any CPU
	EndGlobalSection
	GlobalSection(ProjectConfigurationPlatforms) = postSolution
		{67EB0B86-1836-4D00-80BD-908E24A446FD}.Debug|Any CPU.ActiveCfg = Debug|Any CPU
		{67EB0B86-1836-4D00-80BD-908E24A446FD}.Debug|Any CPU.Build.0 = Debug|Any CPU
		{67EB0B86-1836-4D00-80BD-908E24A446FD}.Release|Any CPU.ActiveCfg = Release|Any CPU
		{67EB0B86-1836-4D00-80BD-908E24A446FD}.Release|Any CPU.Build.0 = Release|Any CPU
	EndGlobalSection
	GlobalSection(SolutionProperties) = preSolution
		HideSolutionNode = FALSE
	EndGlobalSection
EndGlobal
